
Microsoft Visual Studio Solution File, Format Version 12.00
# Visual Studio 15
VisualStudioVersion = 15.0.28010.2003
MinimumVisualStudioVersion = 10.0.40219.1
Project("{FAE04EC0-301F-11D3-BF4B-00C04F79EFBC}") = "program1", "program1\program1.csproj", "{6F840BD7-56AB-4CF4-AD4E-41866F8EFEDA}"
EndProject
Project("{FAE04EC0-301F-11D3-BF4B-00C04F79EFBC}") = "program2", "program2\program2.csproj", "{18CA3657-873D-4886-8EBC-95622931EC25}"
EndProject
Global
	GlobalSection(SolutionConfigurationPlatforms) = preSolution
		Debug|Any CPU = Debug|Any CPU
		Release|Any CPU = Release|Any CPU
	EndGlobalSection
	GlobalSection(ProjectConfigurationPlatforms) = postSolution
		{6F840BD7-56AB-4CF4-AD4E-41866F8EFEDA}.Debug|Any CPU.ActiveCfg = Debug|Any CPU
		{6F840BD7-56AB-4CF4-AD4E-41866F8EFEDA}.Debug|Any CPU.Build.0 = Debug|Any CPU
		{6F840BD7-56AB-4CF4-AD4E-41866F8EFEDA}.Release|Any CPU.ActiveCfg = Release|Any CPU
		{6F840BD7-56AB-4CF4-AD4E-41866F8EFEDA}.Release|Any CPU.Build.0 = Release|Any CPU
		{18CA3657-873D-4886-8EBC-95622931EC25}.Debug|Any CPU.ActiveCfg = Debug|Any CPU
		{18CA3657-873D-4886-8EBC-95622931EC25}.Debug|Any CPU.Build.0 = Debug|Any CPU
		{18CA3657-873D-4886-8EBC-95622931EC25}.Release|Any CPU.ActiveCfg = Release|Any CPU
		{18CA3657-873D-4886-8EBC-95622931EC25}.Release|Any CPU.Build.0 = Release|Any CPU
	EndGlobalSection
	GlobalSection(SolutionProperties) = preSolution
		HideSolutionNode = FALSE
	EndGlobalSection
	GlobalSection(ExtensibilityGlobals) = postSolution
		SolutionGuid = {3D89251D-E1CA-4A9C-B5AD-D3DCFEBD761E}
	EndGlobalSection
EndGlobal
