
Microsoft Visual Studio Solution File, Format Version 12.00
# Visual Studio 15
VisualStudioVersion = 15.0.28010.2046
MinimumVisualStudioVersion = 10.0.40219.1
Project("{FAE04EC0-301F-11D3-BF4B-00C04F79EFBC}") = "program1", "program1\program1.csproj", "{6932B7AC-4790-40FB-B30E-0B4A70B0123D}"
EndProject
Project("{FAE04EC0-301F-11D3-BF4B-00C04F79EFBC}") = "program2", "program2\program2.csproj", "{08CD755E-FAB9-49AF-8BE2-6D30118130CB}"
EndProject
Global
	GlobalSection(SolutionConfigurationPlatforms) = preSolution
		Debug|Any CPU = Debug|Any CPU
		Release|Any CPU = Release|Any CPU
	EndGlobalSection
	GlobalSection(ProjectConfigurationPlatforms) = postSolution
		{6932B7AC-4790-40FB-B30E-0B4A70B0123D}.Debug|Any CPU.ActiveCfg = Debug|Any CPU
		{6932B7AC-4790-40FB-B30E-0B4A70B0123D}.Debug|Any CPU.Build.0 = Debug|Any CPU
		{6932B7AC-4790-40FB-B30E-0B4A70B0123D}.Release|Any CPU.ActiveCfg = Release|Any CPU
		{6932B7AC-4790-40FB-B30E-0B4A70B0123D}.Release|Any CPU.Build.0 = Release|Any CPU
		{08CD755E-FAB9-49AF-8BE2-6D30118130CB}.Debug|Any CPU.ActiveCfg = Debug|Any CPU
		{08CD755E-FAB9-49AF-8BE2-6D30118130CB}.Debug|Any CPU.Build.0 = Debug|Any CPU
		{08CD755E-FAB9-49AF-8BE2-6D30118130CB}.Release|Any CPU.ActiveCfg = Release|Any CPU
		{08CD755E-FAB9-49AF-8BE2-6D30118130CB}.Release|Any CPU.Build.0 = Release|Any CPU
	EndGlobalSection
	GlobalSection(SolutionProperties) = preSolution
		HideSolutionNode = FALSE
	EndGlobalSection
	GlobalSection(ExtensibilityGlobals) = postSolution
		SolutionGuid = {5849084B-1139-431C-ADE7-387FA9B16AC4}
	EndGlobalSection
EndGlobal
